// !$*UTF8*$!
{
	archiveVersion = 1;
	classes = {
	};
	objectVersion = 55;
	objects = {

/* Begin PBXBuildFile section */
		DE9D8B0B287BCD2F007F1F6A /* Sample1App.swift in Sources */ = {isa = PBXBuildFile; fileRef = DE9D8B0A287BCD2F007F1F6A /* Sample1App.swift */; };
		DE9D8B0D287BCD2F007F1F6A /* ContentView.swift in Sources */ = {isa = PBXBuildFile; fileRef = DE9D8B0C287BCD2F007F1F6A /* ContentView.swift */; };
		DE9D8B0F287BCD32007F1F6A /* Assets.xcassets in Resources */ = {isa = PBXBuildFile; fileRef = DE9D8B0E287BCD32007F1F6A /* Assets.xcassets */; };
		DE9D8B12287BCD32007F1F6A /* Preview Assets.xcassets in Resources */ = {isa = PBXBuildFile; fileRef = DE9D8B11287BCD32007F1F6A /* Preview Assets.xcassets */; };
		DE9D8B1C287BCD32007F1F6A /* Sample1Tests.swift in Sources */ = {isa = PBXBuildFile; fileRef = DE9D8B1B287BCD32007F1F6A /* Sample1Tests.swift */; };
		DE9D8B26287BCD32007F1F6A /* Sample1UITests.swift in Sources */ = {isa = PBXBuildFile; fileRef = DE9D8B25287BCD32007F1F6A /* Sample1UITests.swift */; };
		DE9D8B28287BCD32007F1F6A /* Sample1UITestsLaunchTests.swift in Sources */ = {isa = PBXBuildFile; fileRef = DE9D8B27287BCD32007F1F6A /* Sample1UITestsLaunchTests.swift */; };
/* End PBXBuildFile section */

/* Begin PBXContainerItemProxy section */
		DE9D8B18287BCD32007F1F6A /* PBXContainerItemProxy */ = {
			isa = PBXContainerItemProxy;
			containerPortal = DE9D8AFF287BCD2F007F1F6A /* Project object */;
			proxyType = 1;
			remoteGlobalIDString = DE9D8B06287BCD2F007F1F6A;
			remoteInfo = Sample1;
		};
		DE9D8B22287BCD32007F1F6A /* PBXContainerItemProxy */ = {
			isa = PBXContainerItemProxy;
			containerPortal = DE9D8AFF287BCD2F007F1F6A /* Project object */;
			proxyType = 1;
			remoteGlobalIDString = DE9D8B06287BCD2F007F1F6A;
			remoteInfo = Sample1;
		};
/* End PBXContainerItemProxy section */

/* Begin PBXFileReference section */
		DE9D8B07287BCD2F007F1F6A /* Sample1.app */ = {isa = PBXFileReference; explicitFileType = wrapper.application; includeInIndex = 0; path = Sample1.app; sourceTree = BUILT_PRODUCTS_DIR; };
		DE9D8B0A287BCD2F007F1F6A /* Sample1App.swift */ = {isa = PBXFileReference; lastKnownFileType = sourcecode.swift; path = Sample1App.swift; sourceTree = "<group>"; };
		DE9D8B0C287BCD2F007F1F6A /* ContentView.swift */ = {isa = PBXFileReference; lastKnownFileType = sourcecode.swift; path = ContentView.swift; sourceTree = "<group>"; };
		DE9D8B0E287BCD32007F1F6A /* Assets.xcassets */ = {isa = PBXFileReference; lastKnownFileType = folder.assetcatalog; path = Assets.xcassets; sourceTree = "<group>"; };
		DE9D8B11287BCD32007F1F6A /* Preview Assets.xcassets */ = {isa = PBXFileReference; lastKnownFileType = folder.assetcatalog; path = "Preview Assets.xcassets"; sourceTree = "<group>"; };
		DE9D8B17287BCD32007F1F6A /* Sample1Tests.xctest */ = {isa = PBXFileReference; explicitFileType = wrapper.cfbundle; includeInIndex = 0; path = Sample1Tests.xctest; sourceTree = BUILT_PRODUCTS_DIR; };
		DE9D8B1B287BCD32007F1F6A /* Sample1Tests.swift */ = {isa = PBXFileReference; lastKnownFileType = sourcecode.swift; path = Sample1Tests.swift; sourceTree = "<group>"; };
		DE9D8B21287BCD32007F1F6A /* Sample1UITests.xctest */ = {isa = PBXFileReference; explicitFileType = wrapper.cfbundle; includeInIndex = 0; path = Sample1UITests.xctest; sourceTree = BUILT_PRODUCTS_DIR; };
		DE9D8B25287BCD32007F1F6A /* Sample1UITests.swift */ = {isa = PBXFileReference; lastKnownFileType = sourcecode.swift; path = Sample1UITests.swift; sourceTree = "<group>"; };
		DE9D8B27287BCD32007F1F6A /* Sample1UITestsLaunchTests.swift */ = {isa = PBXFileReference; lastKnownFileType = sourcecode.swift; path = Sample1UITestsLaunchTests.swift; sourceTree = "<group>"; };
/* End PBXFileReference section */

/* Begin PBXFrameworksBuildPhase section */
		DE9D8B04287BCD2F007F1F6A /* Frameworks */ = {
			isa = PBXFrameworksBuildPhase;
			buildActionMask = 2147483647;
			files = (
			);
			runOnlyForDeploymentPostprocessing = 0;
		};
		DE9D8B14287BCD32007F1F6A /* Frameworks */ = {
			isa = PBXFrameworksBuildPhase;
			buildActionMask = 2147483647;
			files = (
			);
			runOnlyForDeploymentPostprocessing = 0;
		};
		DE9D8B1E287BCD32007F1F6A /* Frameworks */ = {
			isa = PBXFrameworksBuildPhase;
			buildActionMask = 2147483647;
			files = (
			);
			runOnlyForDeploymentPostprocessing = 0;
		};
/* End PBXFrameworksBuildPhase section */

/* Begin PBXGroup section */
		DE9D8AFE287BCD2F007F1F6A = {
			isa = PBXGroup;
			children = (
				DE9D8B09287BCD2F007F1F6A /* Sample1 */,
				DE9D8B1A287BCD32007F1F6A /* Sample1Tests */,
				DE9D8B24287BCD32007F1F6A /* Sample1UITests */,
				DE9D8B08287BCD2F007F1F6A /* Products */,
			);
			sourceTree = "<group>";
		};
		DE9D8B08287BCD2F007F1F6A /* Products */ = {
			isa = PBXGroup;
			children = (
				DE9D8B07287BCD2F007F1F6A /* Sample1.app */,
				DE9D8B17287BCD32007F1F6A /* Sample1Tests.xctest */,
				DE9D8B21287BCD32007F1F6A /* Sample1UITests.xctest */,
			);
			name = Products;
			sourceTree = "<group>";
		};
		DE9D8B09287BCD2F007F1F6A /* Sample1 */ = {
			isa = PBXGroup;
			children = (
				DE9D8B0A287BCD2F007F1F6A /* Sample1App.swift */,
				DE9D8B0C287BCD2F007F1F6A /* ContentView.swift */,
				DE9D8B0E287BCD32007F1F6A /* Assets.xcassets */,
				DE9D8B10287BCD32007F1F6A /* Preview Content */,
			);
			path = Sample1;
			sourceTree = "<group>";
		};
		DE9D8B10287BCD32007F1F6A /* Preview Content */ = {
			isa = PBXGroup;
			children = (
				DE9D8B11287BCD32007F1F6A /* Preview Assets.xcassets */,
			);
			path = "Preview Content";
			sourceTree = "<group>";
		};
		DE9D8B1A287BCD32007F1F6A /* Sample1Tests */ = {
			isa = PBXGroup;
			children = (
				DE9D8B1B287BCD32007F1F6A /* Sample1Tests.swift */,
			);
			path = Sample1Tests;
			sourceTree = "<group>";
		};
		DE9D8B24287BCD32007F1F6A /* Sample1UITests */ = {
			isa = PBXGroup;
			children = (
				DE9D8B25287BCD32007F1F6A /* Sample1UITests.swift */,
				DE9D8B27287BCD32007F1F6A /* Sample1UITestsLaunchTests.swift */,
			);
			path = Sample1UITests;
			sourceTree = "<group>";
		};
/* End PBXGroup section */

/* Begin PBXNativeTarget section */
		DE9D8B06287BCD2F007F1F6A /* Sample1 */ = {
			isa = PBXNativeTarget;
			buildConfigurationList = DE9D8B2B287BCD32007F1F6A /* Build configuration list for PBXNativeTarget "Sample1" */;
			buildPhases = (
				DE9D8B03287BCD2F007F1F6A /* Sources */,
				DE9D8B04287BCD2F007F1F6A /* Frameworks */,
				DE9D8B05287BCD2F007F1F6A /* Resources */,
			);
			buildRules = (
			);
			dependencies = (
			);
			name = Sample1;
			productName = Sample1;
			productReference = DE9D8B07287BCD2F007F1F6A /* Sample1.app */;
			productType = "com.apple.product-type.application";
		};
		DE9D8B16287BCD32007F1F6A /* Sample1Tests */ = {
			isa = PBXNativeTarget;
			buildConfigurationList = DE9D8B2E287BCD32007F1F6A /* Build configuration list for PBXNativeTarget "Sample1Tests" */;
			buildPhases = (
				DE9D8B13287BCD32007F1F6A /* Sources */,
				DE9D8B14287BCD32007F1F6A /* Frameworks */,
				DE9D8B15287BCD32007F1F6A /* Resources */,
			);
			buildRules = (
			);
			dependencies = (
				DE9D8B19287BCD32007F1F6A /* PBXTargetDependency */,
			);
			name = Sample1Tests;
			productName = Sample1Tests;
			productReference = DE9D8B17287BCD32007F1F6A /* Sample1Tests.xctest */;
			productType = "com.apple.product-type.bundle.unit-test";
		};
		DE9D8B20287BCD32007F1F6A /* Sample1UITests */ = {
			isa = PBXNativeTarget;
			buildConfigurationList = DE9D8B31287BCD32007F1F6A /* Build configuration list for PBXNativeTarget "Sample1UITests" */;
			buildPhases = (
				DE9D8B1D287BCD32007F1F6A /* Sources */,
				DE9D8B1E287BCD32007F1F6A /* Frameworks */,
				DE9D8B1F287BCD32007F1F6A /* Resources */,
			);
			buildRules = (
			);
			dependencies = (
				DE9D8B23287BCD32007F1F6A /* PBXTargetDependency */,
			);
			name = Sample1UITests;
			productName = Sample1UITests;
			productReference = DE9D8B21287BCD32007F1F6A /* Sample1UITests.xctest */;
			productType = "com.apple.product-type.bundle.ui-testing";
		};
/* End PBXNativeTarget section */

/* Begin PBXProject section */
		DE9D8AFF287BCD2F007F1F6A /* Project object */ = {
			isa = PBXProject;
			attributes = {
				BuildIndependentTargetsInParallel = 1;
				LastSwiftUpdateCheck = 1340;
				LastUpgradeCheck = 1340;
				TargetAttributes = {
					DE9D8B06287BCD2F007F1F6A = {
						CreatedOnToolsVersion = 13.4.1;
					};
					DE9D8B16287BCD32007F1F6A = {
						CreatedOnToolsVersion = 13.4.1;
						TestTargetID = DE9D8B06287BCD2F007F1F6A;
					};
					DE9D8B20287BCD32007F1F6A = {
						CreatedOnToolsVersion = 13.4.1;
						TestTargetID = DE9D8B06287BCD2F007F1F6A;
					};
				};
			};
			buildConfigurationList = DE9D8B02287BCD2F007F1F6A /* Build configuration list for PBXProject "Sample1" */;
			compatibilityVersion = "Xcode 13.0";
			developmentRegion = en;
			hasScannedForEncodings = 0;
			knownRegions = (
				en,
				Base,
			);
			mainGroup = DE9D8AFE287BCD2F007F1F6A;
			productRefGroup = DE9D8B08287BCD2F007F1F6A /* Products */;
			projectDirPath = "";
			projectRoot = "";
			targets = (
				DE9D8B06287BCD2F007F1F6A /* Sample1 */,
				DE9D8B16287BCD32007F1F6A /* Sample1Tests */,
				DE9D8B20287BCD32007F1F6A /* Sample1UITests */,
			);
		};
/* End PBXProject section */

/* Begin PBXResourcesBuildPhase section */
		DE9D8B05287BCD2F007F1F6A /* Resources */ = {
			isa = PBXResourcesBuildPhase;
			buildActionMask = 2147483647;
			files = (
				DE9D8B12287BCD32007F1F6A /* Preview Assets.xcassets in Resources */,
				DE9D8B0F287BCD32007F1F6A /* Assets.xcassets in Resources */,
			);
			runOnlyForDeploymentPostprocessing = 0;
		};
		DE9D8B15287BCD32007F1F6A /* Resources */ = {
			isa = PBXResourcesBuildPhase;
			buildActionMask = 2147483647;
			files = (
			);
			runOnlyForDeploymentPostprocessing = 0;
		};
		DE9D8B1F287BCD32007F1F6A /* Resources */ = {
			isa = PBXResourcesBuildPhase;
			buildActionMask = 2147483647;
			files = (
			);
			runOnlyForDeploymentPostprocessing = 0;
		};
/* End PBXResourcesBuildPhase section */

/* Begin PBXSourcesBuildPhase section */
		DE9D8B03287BCD2F007F1F6A /* Sources */ = {
			isa = PBXSourcesBuildPhase;
			buildActionMask = 2147483647;
			files = (
				DE9D8B0D287BCD2F007F1F6A /* ContentView.swift in Sources */,
				DE9D8B0B287BCD2F007F1F6A /* Sample1App.swift in Sources */,
			);
			runOnlyForDeploymentPostprocessing = 0;
		};
		DE9D8B13287BCD32007F1F6A /* Sources */ = {
			isa = PBXSourcesBuildPhase;
			buildActionMask = 2147483647;
			files = (
				DE9D8B1C287BCD32007F1F6A /* Sample1Tests.swift in Sources */,
			);
			runOnlyForDeploymentPostprocessing = 0;
		};
		DE9D8B1D287BCD32007F1F6A /* Sources */ = {
			isa = PBXSourcesBuildPhase;
			buildActionMask = 2147483647;
			files = (
				DE9D8B28287BCD32007F1F6A /* Sample1UITestsLaunchTests.swift in Sources */,
				DE9D8B26287BCD32007F1F6A /* Sample1UITests.swift in Sources */,
			);
			runOnlyForDeploymentPostprocessing = 0;
		};
/* End PBXSourcesBuildPhase section */

/* Begin PBXTargetDependency section */
		DE9D8B19287BCD32007F1F6A /* PBXTargetDependency */ = {
			isa = PBXTargetDependency;
			target = DE9D8B06287BCD2F007F1F6A /* Sample1 */;
			targetProxy = DE9D8B18287BCD32007F1F6A /* PBXContainerItemProxy */;
		};
		DE9D8B23287BCD32007F1F6A /* PBXTargetDependency */ = {
			isa = PBXTargetDependency;
			target = DE9D8B06287BCD2F007F1F6A /* Sample1 */;
			targetProxy = DE9D8B22287BCD32007F1F6A /* PBXContainerItemProxy */;
		};
/* End PBXTargetDependency section */

/* Begin XCBuildConfiguration section */
		DE9D8B29287BCD32007F1F6A /* Debug */ = {
			isa = XCBuildConfiguration;
			buildSettings = {
				ALWAYS_SEARCH_USER_PATHS = NO;
				CLANG_ANALYZER_NONNULL = YES;
				CLANG_ANALYZER_NUMBER_OBJECT_CONVERSION = YES_AGGRESSIVE;
				CLANG_CXX_LANGUAGE_STANDARD = "gnu++17";
				CLANG_ENABLE_MODULES = YES;
				CLANG_ENABLE_OBJC_ARC = YES;
				CLANG_ENABLE_OBJC_WEAK = YES;
				CLANG_WARN_BLOCK_CAPTURE_AUTORELEASING = YES;
				CLANG_WARN_BOOL_CONVERSION = YES;
				CLANG_WARN_COMMA = YES;
				CLANG_WARN_CONSTANT_CONVERSION = YES;
				CLANG_WARN_DEPRECATED_OBJC_IMPLEMENTATIONS = YES;
				CLANG_WARN_DIRECT_OBJC_ISA_USAGE = YES_ERROR;
				CLANG_WARN_DOCUMENTATION_COMMENTS = YES;
				CLANG_WARN_EMPTY_BODY = YES;
				CLANG_WARN_ENUM_CONVERSION = YES;
				CLANG_WARN_INFINITE_RECURSION = YES;
				CLANG_WARN_INT_CONVERSION = YES;
				CLANG_WARN_NON_LITERAL_NULL_CONVERSION = YES;
				CLANG_WARN_OBJC_IMPLICIT_RETAIN_SELF = YES;
				CLANG_WARN_OBJC_LITERAL_CONVERSION = YES;
				CLANG_WARN_OBJC_ROOT_CLASS = YES_ERROR;
				CLANG_WARN_QUOTED_INCLUDE_IN_FRAMEWORK_HEADER = YES;
				CLANG_WARN_RANGE_LOOP_ANALYSIS = YES;
				CLANG_WARN_STRICT_PROTOTYPES = YES;
				CLANG_WARN_SUSPICIOUS_MOVE = YES;
				CLANG_WARN_UNGUARDED_AVAILABILITY = YES_AGGRESSIVE;
				CLANG_WARN_UNREACHABLE_CODE = YES;
				CLANG_WARN__DUPLICATE_METHOD_MATCH = YES;
				COPY_PHASE_STRIP = NO;
				DEBUG_INFORMATION_FORMAT = dwarf;
				ENABLE_STRICT_OBJC_MSGSEND = YES;
				ENABLE_TESTABILITY = YES;
				GCC_C_LANGUAGE_STANDARD = gnu11;
				GCC_DYNAMIC_NO_PIC = NO;
				GCC_NO_COMMON_BLOCKS = YES;
				GCC_OPTIMIZATION_LEVEL = 0;
				GCC_PREPROCESSOR_DEFINITIONS = (
					"DEBUG=1",
					"$(inherited)",
				);
				GCC_WARN_64_TO_32_BIT_CONVERSION = YES;
				GCC_WARN_ABOUT_RETURN_TYPE = YES_ERROR;
				GCC_WARN_UNDECLARED_SELECTOR = YES;
				GCC_WARN_UNINITIALIZED_AUTOS = YES_AGGRESSIVE;
				GCC_WARN_UNUSED_FUNCTION = YES;
				GCC_WARN_UNUSED_VARIABLE = YES;
				IPHONEOS_DEPLOYMENT_TARGET = 15.5;
				MTL_ENABLE_DEBUG_INFO = INCLUDE_SOURCE;
				MTL_FAST_MATH = YES;
				ONLY_ACTIVE_ARCH = YES;
				SDKROOT = iphoneos;
				SWIFT_ACTIVE_COMPILATION_CONDITIONS = DEBUG;
				SWIFT_OPTIMIZATION_LEVEL = "-Onone";
			};
			name = Debug;
		};
		DE9D8B2A287BCD32007F1F6A /* Release */ = {
			isa = XCBuildConfiguration;
			buildSettings = {
				ALWAYS_SEARCH_USER_PATHS = NO;
				CLANG_ANALYZER_NONNULL = YES;
				CLANG_ANALYZER_NUMBER_OBJECT_CONVERSION = YES_AGGRESSIVE;
				CLANG_CXX_LANGUAGE_STANDARD = "gnu++17";
				CLANG_ENABLE_MODULES = YES;
				CLANG_ENABLE_OBJC_ARC = YES;
				CLANG_ENABLE_OBJC_WEAK = YES;
				CLANG_WARN_BLOCK_CAPTURE_AUTORELEASING = YES;
				CLANG_WARN_BOOL_CONVERSION = YES;
				CLANG_WARN_COMMA = YES;
				CLANG_WARN_CONSTANT_CONVERSION = YES;
				CLANG_WARN_DEPRECATED_OBJC_IMPLEMENTATIONS = YES;
				CLANG_WARN_DIRECT_OBJC_ISA_USAGE = YES_ERROR;
				CLANG_WARN_DOCUMENTATION_COMMENTS = YES;
				CLANG_WARN_EMPTY_BODY = YES;
				CLANG_WARN_ENUM_CONVERSION = YES;
				CLANG_WARN_INFINITE_RECURSION = YES;
				CLANG_WARN_INT_CONVERSION = YES;
				CLANG_WARN_NON_LITERAL_NULL_CONVERSION = YES;
				CLANG_WARN_OBJC_IMPLICIT_RETAIN_SELF = YES;
				CLANG_WARN_OBJC_LITERAL_CONVERSION = YES;
				CLANG_WARN_OBJC_ROOT_CLASS = YES_ERROR;
				CLANG_WARN_QUOTED_INCLUDE_IN_FRAMEWORK_HEADER = YES;
				CLANG_WARN_RANGE_LOOP_ANALYSIS = YES;
				CLANG_WARN_STRICT_PROTOTYPES = YES;
				CLANG_WARN_SUSPICIOUS_MOVE = YES;
				CLANG_WARN_UNGUARDED_AVAILABILITY = YES_AGGRESSIVE;
				CLANG_WARN_UNREACHABLE_CODE = YES;
				CLANG_WARN__DUPLICATE_METHOD_MATCH = YES;
				COPY_PHASE_STRIP = NO;
				DEBUG_INFORMATION_FORMAT = "dwarf-with-dsym";
				ENABLE_NS_ASSERTIONS = NO;
				ENABLE_STRICT_OBJC_MSGSEND = YES;
				GCC_C_LANGUAGE_STANDARD = gnu11;
				GCC_NO_COMMON_BLOCKS = YES;
				GCC_WARN_64_TO_32_BIT_CONVERSION = YES;
				GCC_WARN_ABOUT_RETURN_TYPE = YES_ERROR;
				GCC_WARN_UNDECLARED_SELECTOR = YES;
				GCC_WARN_UNINITIALIZED_AUTOS = YES_AGGRESSIVE;
				GCC_WARN_UNUSED_FUNCTION = YES;
				GCC_WARN_UNUSED_VARIABLE = YES;
				IPHONEOS_DEPLOYMENT_TARGET = 15.5;
				MTL_ENABLE_DEBUG_INFO = NO;
				MTL_FAST_MATH = YES;
				SDKROOT = iphoneos;
				SWIFT_COMPILATION_MODE = wholemodule;
				SWIFT_OPTIMIZATION_LEVEL = "-O";
				VALIDATE_PRODUCT = YES;
			};
			name = Release;
		};
		DE9D8B2C287BCD32007F1F6A /* Debug */ = {
			isa = XCBuildConfiguration;
			buildSettings = {
				ASSETCATALOG_COMPILER_APPICON_NAME = AppIcon;
				ASSETCATALOG_COMPILER_GLOBAL_ACCENT_COLOR_NAME = AccentColor;
				CODE_SIGN_STYLE = Automatic;
				CURRENT_PROJECT_VERSION = 1;
				DEVELOPMENT_ASSET_PATHS = "\"Sample1/Preview Content\"";
				DEVELOPMENT_TEAM = 694BMG973X;
				ENABLE_PREVIEWS = YES;
				GENERATE_INFOPLIST_FILE = YES;
				INFOPLIST_KEY_UIApplicationSceneManifest_Generation = YES;
				INFOPLIST_KEY_UIApplicationSupportsIndirectInputEvents = YES;
				INFOPLIST_KEY_UILaunchScreen_Generation = YES;
				INFOPLIST_KEY_UISupportedInterfaceOrientations_iPad = "UIInterfaceOrientationPortrait UIInterfaceOrientationPortraitUpsideDown UIInterfaceOrientationLandscapeLeft UIInterfaceOrientationLandscapeRight";
				INFOPLIST_KEY_UISupportedInterfaceOrientations_iPhone = "UIInterfaceOrientationPortrait UIInterfaceOrientationLandscapeLeft UIInterfaceOrientationLandscapeRight";
				LD_RUNPATH_SEARCH_PATHS = (
					"$(inherited)",
					"@executable_path/Frameworks",
				);
				MARKETING_VERSION = 1.0;
				PRODUCT_BUNDLE_IDENTIFIER = "-kr.ac.tukorea.ce.ios.chynmn.Sample1";
				PRODUCT_NAME = "$(TARGET_NAME)";
				SWIFT_EMIT_LOC_STRINGS = YES;
				SWIFT_VERSION = 5.0;
				TARGETED_DEVICE_FAMILY = "1,2";
			};
			name = Debug;
		};
		DE9D8B2D287BCD32007F1F6A /* Release */ = {
			isa = XCBuildConfiguration;
			buildSettings = {
				ASSETCATALOG_COMPILER_APPICON_NAME = AppIcon;
				ASSETCATALOG_COMPILER_GLOBAL_ACCENT_COLOR_NAME = AccentColor;
				CODE_SIGN_STYLE = Automatic;
				CURRENT_PROJECT_VERSION = 1;
				DEVELOPMENT_ASSET_PATHS = "\"Sample1/Preview Content\"";
				DEVELOPMENT_TEAM = 694BMG973X;
				ENABLE_PREVIEWS = YES;
				GENERATE_INFOPLIST_FILE = YES;
				INFOPLIST_KEY_UIApplicationSceneManifest_Generation = YES;
				INFOPLIST_KEY_UIApplicationSupportsIndirectInputEvents = YES;
				INFOPLIST_KEY_UILaunchScreen_Generation = YES;
				INFOPLIST_KEY_UISupportedInterfaceOrientations_iPad = "UIInterfaceOrientationPortrait UIInterfaceOrientationPortraitUpsideDown UIInterfaceOrientationLandscapeLeft UIInterfaceOrientationLandscapeRight";
				INFOPLIST_KEY_UISupportedInterfaceOrientations_iPhone = "UIInterfaceOrientationPortrait UIInterfaceOrientationLandscapeLeft UIInterfaceOrientationLandscapeRight";
				LD_RUNPATH_SEARCH_PATHS = (
					"$(inherited)",
					"@executable_path/Frameworks",
				);
				MARKETING_VERSION = 1.0;
				PRODUCT_BUNDLE_IDENTIFIER = "-kr.ac.tukorea.ce.ios.chynmn.Sample1";
				PRODUCT_NAME = "$(TARGET_NAME)";
				SWIFT_EMIT_LOC_STRINGS = YES;
				SWIFT_VERSION = 5.0;
				TARGETED_DEVICE_FAMILY = "1,2";
			};
			name = Release;
		};
		DE9D8B2F287BCD32007F1F6A /* Debug */ = {
			isa = XCBuildConfiguration;
			buildSettings = {
				ALWAYS_EMBED_SWIFT_STANDARD_LIBRARIES = YES;
				BUNDLE_LOADER = "$(TEST_HOST)";
				CODE_SIGN_STYLE = Automatic;
				CURRENT_PROJECT_VERSION = 1;
				DEVELOPMENT_TEAM = 694BMG973X;
				GENERATE_INFOPLIST_FILE = YES;
				IPHONEOS_DEPLOYMENT_TARGET = 15.5;
				MARKETING_VERSION = 1.0;
				PRODUCT_BUNDLE_IDENTIFIER = "-kr.ac.tukorea.ce.ios.chynmn.Sample1Tests";
				PRODUCT_NAME = "$(TARGET_NAME)";
				SWIFT_EMIT_LOC_STRINGS = NO;
				SWIFT_VERSION = 5.0;
				TARGETED_DEVICE_FAMILY = "1,2";
				TEST_HOST = "$(BUILT_PRODUCTS_DIR)/Sample1.app/Sample1";
			};
			name = Debug;
		};
		DE9D8B30287BCD32007F1F6A /* Release */ = {
			isa = XCBuildConfiguration;
			buildSettings = {
				ALWAYS_EMBED_SWIFT_STANDARD_LIBRARIES = YES;
				BUNDLE_LOADER = "$(TEST_HOST)";
				CODE_SIGN_STYLE = Automatic;
				CURRENT_PROJECT_VERSION = 1;
				DEVELOPMENT_TEAM = 694BMG973X;
				GENERATE_INFOPLIST_FILE = YES;
				IPHONEOS_DEPLOYMENT_TARGET = 15.5;
				MARKETING_VERSION = 1.0;
				PRODUCT_BUNDLE_IDENTIFIER = "-kr.ac.tukorea.ce.ios.chynmn.Sample1Tests";
				PRODUCT_NAME = "$(TARGET_NAME)";
				SWIFT_EMIT_LOC_STRINGS = NO;
				SWIFT_VERSION = 5.0;
				TARGETED_DEVICE_FAMILY = "1,2";
				TEST_HOST = "$(BUILT_PRODUCTS_DIR)/Sample1.app/Sample1";
			};
			name = Release;
		};
		DE9D8B32287BCD32007F1F6A /* Debug */ = {
			isa = XCBuildConfiguration;
			buildSettings = {
				ALWAYS_EMBED_SWIFT_STANDARD_LIBRARIES = YES;
				CODE_SIGN_STYLE = Automatic;
				CURRENT_PROJECT_VERSION = 1;
				DEVELOPMENT_TEAM = 694BMG973X;
				GENERATE_INFOPLIST_FILE = YES;
				MARKETING_VERSION = 1.0;
				PRODUCT_BUNDLE_IDENTIFIER = "-kr.ac.tukorea.ce.ios.chynmn.Sample1UITests";
				PRODUCT_NAME = "$(TARGET_NAME)";
				SWIFT_EMIT_LOC_STRINGS = NO;
				SWIFT_VERSION = 5.0;
				TARGETED_DEVICE_FAMILY = "1,2";
				TEST_TARGET_NAME = Sample1;
			};
			name = Debug;
		};
		DE9D8B33287BCD32007F1F6A /* Release */ = {
			isa = XCBuildConfiguration;
			buildSettings = {
				ALWAYS_EMBED_SWIFT_STANDARD_LIBRARIES = YES;
				CODE_SIGN_STYLE = Automatic;
				CURRENT_PROJECT_VERSION = 1;
				DEVELOPMENT_TEAM = 694BMG973X;
				GENERATE_INFOPLIST_FILE = YES;
				MARKETING_VERSION = 1.0;
				PRODUCT_BUNDLE_IDENTIFIER = "-kr.ac.tukorea.ce.ios.chynmn.Sample1UITests";
				PRODUCT_NAME = "$(TARGET_NAME)";
				SWIFT_EMIT_LOC_STRINGS = NO;
				SWIFT_VERSION = 5.0;
				TARGETED_DEVICE_FAMILY = "1,2";
				TEST_TARGET_NAME = Sample1;
			};
			name = Release;
		};
/* End XCBuildConfiguration section */

/* Begin XCConfigurationList section */
		DE9D8B02287BCD2F007F1F6A /* Build configuration list for PBXProject "Sample1" */ = {
			isa = XCConfigurationList;
			buildConfigurations = (
				DE9D8B29287BCD32007F1F6A /* Debug */,
				DE9D8B2A287BCD32007F1F6A /* Release */,
			);
			defaultConfigurationIsVisible = 0;
			defaultConfigurationName = Release;
		};
		DE9D8B2B287BCD32007F1F6A /* Build configuration list for PBXNativeTarget "Sample1" */ = {
			isa = XCConfigurationList;
			buildConfigurations = (
				DE9D8B2C287BCD32007F1F6A /* Debug */,
				DE9D8B2D287BCD32007F1F6A /* Release */,
			);
			defaultConfigurationIsVisible = 0;
			defaultConfigurationName = Release;
		};
		DE9D8B2E287BCD32007F1F6A /* Build configuration list for PBXNativeTarget "Sample1Tests" */ = {
			isa = XCConfigurationList;
			buildConfigurations = (
				DE9D8B2F287BCD32007F1F6A /* Debug */,
				DE9D8B30287BCD32007F1F6A /* Release */,
			);
			defaultConfigurationIsVisible = 0;
			defaultConfigurationName = Release;
		};
		DE9D8B31287BCD32007F1F6A /* Build configuration list for PBXNativeTarget "Sample1UITests" */ = {
			isa = XCConfigurationList;
			buildConfigurations = (
				DE9D8B32287BCD32007F1F6A /* Debug */,
				DE9D8B33287BCD32007F1F6A /* Release */,
			);
			defaultConfigurationIsVisible = 0;
			defaultConfigurationName = Release;
		};
/* End XCConfigurationList section */
	};
	rootObject = DE9D8AFF287BCD2F007F1F6A /* Project object */;
}
